{
	"name": "@3ds/common",
	"version": "0.0.0",
	"lockfileVersion": 1,
	"requires": true,
	"dependencies": {
		"@types/bluebird": {
			"version": "3.5.25",
			"resolved": "https://registry.npmjs.org/@types/bluebird/-/bluebird-3.5.25.tgz",
			"integrity": "sha512-yfhIBix+AIFTmYGtkC0Bi+XGjSkOINykqKvO/Wqdz/DuXlAKK7HmhLAXdPIGsV4xzKcL3ev/zYc4yLNo+OvGaw==",
			"dev": true
		},
		"@types/knex": {
			"version": "0.15.1",
			"resolved": "https://registry.npmjs.org/@types/knex/-/knex-0.15.1.tgz",
			"integrity": "sha512-eMXYxl8Jhg5tBYLtSGTF4acCGHeKO+0HYDocAM5jpYBsKC8w0HwQPF8eqi8TAzex5I4JkVK27p/phvY0wg09aQ==",
			"dev": true,
			"requires": {
				"@types/bluebird": "*",
				"@types/node": "*"
			}
		},
		"@types/node": {
			"version": "10.12.3",
			"resolved": "https://registry.npmjs.org/@types/node/-/node-10.12.3.tgz",
			"integrity": "sha512-sfGmOtSMSbQ/AKG8V9xD1gmjquC9awIIZ/Kj309pHb2n3bcRAcGMQv5nJ6gCXZVsneGE4+ve8DXKRCsrg3TFzg==",
			"dev": true
		},
		"@types/redis": {
			"version": "2.8.10",
			"resolved": "https://registry.npmjs.org/@types/redis/-/redis-2.8.10.tgz",
			"integrity": "sha512-X0NeV3ivoif2SPsmuPhwTkKfcr1fDJlaJIOyxZ9/TCIEbvzMzmZlstqCZ5r7AOolbOJtAfvuGArNXMexYYH3ng==",
			"dev": true,
			"requires": {
				"@types/node": "*"
			}
		},
		"buffer-writer": {
			"version": "2.0.0",
			"resolved": "https://registry.npmjs.org/buffer-writer/-/buffer-writer-2.0.0.tgz",
			"integrity": "sha512-a7ZpuTZU1TRtnwyCNW3I5dc0wWNC3VR9S++Ewyk2HHZdrO3CQJqSpd+95Us590V6AL7JqUAH2IwZ/398PmNFgw=="
		},
		"colorette": {
			"version": "2.0.19",
			"resolved": "https://registry.npmjs.org/colorette/-/colorette-2.0.19.tgz",
			"integrity": "sha512-3tlv/dIP7FWvj3BsbHrGLJ6l/oKh1O3TcgBqMn+yyCagOxc23fyzDS6HypQbgxWbkpDnf52p1LuR4eWDQ/K9WQ=="
		},
		"commander": {
			"version": "9.5.0",
			"resolved": "https://registry.npmjs.org/commander/-/commander-9.5.0.tgz",
			"integrity": "sha512-KRs7WVDKg86PWiuAqhDrAQnTXZKraVcCc6vFdL14qrZ/DcWwuRo7VoiYXalXO7S5GKpqYiVEwCbgFDfxNHKJBQ=="
		},
		"debug": {
			"version": "4.3.4",
			"resolved": "https://registry.npmjs.org/debug/-/debug-4.3.4.tgz",
			"integrity": "sha512-PRWFHuSU3eDtQJPvnNY7Jcket1j0t5OuOsFzPPzsekD52Zl8qUfFIPEiswXqIvHWGVHOgX+7G/vCNNhehwxfkQ==",
			"requires": {
				"ms": "2.1.2"
			}
		},
		"double-ended-queue": {
			"version": "2.1.0-0",
			"resolved": "https://registry.npmjs.org/double-ended-queue/-/double-ended-queue-2.1.0-0.tgz",
			"integrity": "sha1-ED01J/0xUo9AGIEwyEHv3XgmTlw="
		},
		"escalade": {
			"version": "3.1.1",
			"resolved": "https://registry.npmjs.org/escalade/-/escalade-3.1.1.tgz",
			"integrity": "sha512-k0er2gUkLf8O0zKJiAhmkTnJlTvINGv7ygDNPbeIsX/TJjGJZHuh9B2UxbsaEkmlEo9MfhrSzmhIlhRlI2GXnw=="
		},
		"esm": {
			"version": "3.2.25",
			"resolved": "https://registry.npmjs.org/esm/-/esm-3.2.25.tgz",
			"integrity": "sha512-U1suiZ2oDVWv4zPO56S0NcR5QriEahGtdN2OR6FiOG4WJvcjBVFB0qI4+eKoWFH483PKGuLuu6V8Z4T5g63UVA=="
		},
		"fast-redact": {
			"version": "1.4.2",
			"resolved": "https://registry.npmjs.org/fast-redact/-/fast-redact-1.4.2.tgz",
			"integrity": "sha512-ttC8IgelNvYqb9RBC+rirgUCVPtPVonfdeRdsHBcBx3kzQat1DafbUKAEhLo5GnvuBqda+Xe1BvblecPpQkZ2Q=="
		},
		"fast-safe-stringify": {
			"version": "2.0.6",
			"resolved": "https://registry.npmjs.org/fast-safe-stringify/-/fast-safe-stringify-2.0.6.tgz",
			"integrity": "sha512-q8BZ89jjc+mz08rSxROs8VsrBBcn1SIw1kq9NjolL509tkABRk9io01RAjSaEv1Xb2uFLt8VtRiZbGp5H8iDtg=="
		},
		"flatstr": {
			"version": "1.0.9",
			"resolved": "https://registry.npmjs.org/flatstr/-/flatstr-1.0.9.tgz",
			"integrity": "sha512-qFlJnOBWDfIaunF54/lBqNKmXOI0HqNhu+mHkLmbaBXlS71PUd9OjFOdyevHt/aHoHB1+eW7eKHgRKOG5aHSpw=="
		},
		"function-bind": {
			"version": "1.1.1",
			"resolved": "https://registry.npmjs.org/function-bind/-/function-bind-1.1.1.tgz",
			"integrity": "sha512-yIovAzMX49sF8Yl58fSCWJ5svSLuaibPxXQJFLmBObTuCr0Mf1KiPopGM9NiFjiYBCbfaa2Fh6breQ6ANVTI0A=="
		},
		"get-package-type": {
			"version": "0.1.0",
			"resolved": "https://registry.npmjs.org/get-package-type/-/get-package-type-0.1.0.tgz",
			"integrity": "sha512-pjzuKtY64GYfWizNAJ0fr9VqttZkNiK2iS430LtIHzjBEr6bX8Am2zm4sW4Ro5wjWW5cAlRL1qAMTcXbjNAO2Q=="
		},
		"getopts": {
			"version": "2.3.0",
			"resolved": "https://registry.npmjs.org/getopts/-/getopts-2.3.0.tgz",
			"integrity": "sha512-5eDf9fuSXwxBL6q5HX+dhDj+dslFGWzU5thZ9kNKUkcPtaPdatmUFKwHFrLb/uf/WpA4BHET+AX3Scl56cAjpA=="
		},
		"has": {
			"version": "1.0.3",
			"resolved": "https://registry.npmjs.org/has/-/has-1.0.3.tgz",
			"integrity": "sha512-f2dvO0VU6Oej7RkWJGrehjbzMAjFp5/VKPp5tTpWIV4JHHZK1/BxbFRtf/siA2SWTe09caDmVtYYzWEIbBS4zw==",
			"requires": {
				"function-bind": "^1.1.1"
			}
		},
		"interpret": {
			"version": "2.2.0",
			"resolved": "https://registry.npmjs.org/interpret/-/interpret-2.2.0.tgz",
			"integrity": "sha512-Ju0Bz/cEia55xDwUWEa8+olFpCiQoypjnQySseKtmjNrnps3P+xfpUmGr90T7yjlVJmOtybRvPXhKMbHr+fWnw=="
		},
		"is-core-module": {
			"version": "2.11.0",
			"resolved": "https://registry.npmjs.org/is-core-module/-/is-core-module-2.11.0.tgz",
			"integrity": "sha512-RRjxlvLDkD1YJwDbroBHMb+cukurkDWNyHx7D3oNB5x9rb5ogcksMC5wHCadcXoo67gVr/+3GFySh3134zi6rw==",
			"requires": {
				"has": "^1.0.3"
			}
		},
		"knex": {
			"version": "2.4.0",
			"resolved": "https://registry.npmjs.org/knex/-/knex-2.4.0.tgz",
			"integrity": "sha512-i0GWwqYp1Hs2yvc2rlDO6nzzkLhwdyOZKRdsMTB8ZxOs2IXQyL5rBjSbS1krowCh6V65T4X9CJaKtuIfkaPGSA==",
			"requires": {
				"colorette": "2.0.19",
				"commander": "^9.1.0",
				"debug": "4.3.4",
				"escalade": "^3.1.1",
				"esm": "^3.2.25",
				"get-package-type": "^0.1.0",
				"getopts": "2.3.0",
				"interpret": "^2.2.0",
				"lodash": "^4.17.21",
				"pg-connection-string": "2.5.0",
				"rechoir": "^0.8.0",
				"resolve-from": "^5.0.0",
				"tarn": "^3.0.2",
				"tildify": "2.0.0"
			}
		},
		"lodash": {
			"version": "4.17.21",
			"resolved": "https://registry.npmjs.org/lodash/-/lodash-4.17.21.tgz",
			"integrity": "sha512-v2kDEe57lecTulaDIuNTPy3Ry4gLGJ6Z1O3vE1krgXZNrsQ+LFTGHVxVjcXPs17LhbZVGedAJv8XZ1tvj5FvSg=="
		},
		"ms": {
			"version": "2.1.2",
			"resolved": "https://registry.npmjs.org/ms/-/ms-2.1.2.tgz",
			"integrity": "sha512-sGkPx+VjMtmA6MX27oA4FBFELFCZZ4S4XqeGOXCv68tT+jb3vk/RyaKWP0PTKyWtmLSM0b+adUTEvbs1PEaH2w=="
		},
		"oracledb": {
			"version": "3.0.1",
			"resolved": "https://registry.npmjs.org/oracledb/-/oracledb-3.0.1.tgz",
			"integrity": "sha512-ab1goKX1ma+RxBOFDwCXGcJGA9uYucvUCY9BJOFdOAk3/BSer3ncL7EpvmiXqOz0bMJNAM56xv8A32w0ONJlCg=="
		},
		"packet-reader": {
			"version": "0.3.1",
			"resolved": "https://registry.npmjs.org/packet-reader/-/packet-reader-0.3.1.tgz",
			"integrity": "sha1-zWLmCvjX/qinBexP+ZCHHEaHHyc="
		},
		"path-parse": {
			"version": "1.0.7",
			"resolved": "https://registry.npmjs.org/path-parse/-/path-parse-1.0.7.tgz",
			"integrity": "sha512-LDJzPVEEEPR+y48z93A0Ed0yXb8pAByGWo/k5YYdYgpY2/2EsOsksJrq7lOHxryrVOn1ejG6oAp8ahvOIQD8sw=="
		},
		"pg": {
			"version": "7.7.1",
			"resolved": "https://registry.npmjs.org/pg/-/pg-7.7.1.tgz",
			"integrity": "sha512-p3I0mXOmUvCoVlCMFW6iYSrnguPol6q8He15NGgSIdM3sPGjFc+8JGCeKclw8ZR4ETd+Jxy2KNiaPUcocHZeMw==",
			"requires": {
				"buffer-writer": "2.0.0",
				"packet-reader": "0.3.1",
				"pg-connection-string": "0.1.3",
				"pg-pool": "^2.0.4",
				"pg-types": "~1.12.1",
				"pgpass": "1.x",
				"semver": "4.3.2"
			},
			"dependencies": {
				"pg-connection-string": {
					"version": "0.1.3",
					"resolved": "https://registry.npmjs.org/pg-connection-string/-/pg-connection-string-0.1.3.tgz",
					"integrity": "sha1-2hhHsglA5C7hSSvq9l1J2RskXfc="
				}
			}
		},
		"pg-connection-string": {
			"version": "2.5.0",
			"resolved": "https://registry.npmjs.org/pg-connection-string/-/pg-connection-string-2.5.0.tgz",
			"integrity": "sha512-r5o/V/ORTA6TmUnyWZR9nCj1klXCO2CEKNRlVuJptZe85QuhFayC7WeMic7ndayT5IRIR0S0xFxFi2ousartlQ=="
		},
		"pg-pool": {
			"version": "2.0.6",
			"resolved": "https://registry.npmjs.org/pg-pool/-/pg-pool-2.0.6.tgz",
			"integrity": "sha512-hod2zYQxM8Gt482q+qONGTYcg/qVcV32VHVPtktbBJs0us3Dj7xibISw0BAAXVMCzt8A/jhfJvpZaxUlqtqs0g=="
		},
		"pg-types": {
			"version": "1.12.1",
			"resolved": "https://registry.npmjs.org/pg-types/-/pg-types-1.12.1.tgz",
			"integrity": "sha1-1kCH45A7WP+q0nnnWVxSIIoUw9I=",
			"requires": {
				"postgres-array": "~1.0.0",
				"postgres-bytea": "~1.0.0",
				"postgres-date": "~1.0.0",
				"postgres-interval": "^1.1.0"
			}
		},
		"pgpass": {
			"version": "1.0.2",
			"resolved": "https://registry.npmjs.org/pgpass/-/pgpass-1.0.2.tgz",
			"integrity": "sha1-Knu0G2BltnkH6R2hsHwYR8h3swY=",
			"requires": {
				"split": "^1.0.0"
			}
		},
		"pino": {
			"version": "5.10.5",
			"resolved": "https://registry.npmjs.org/pino/-/pino-5.10.5.tgz",
			"integrity": "sha512-WtrALBJSaFgAAwEOCIime51KesWuPgXHTCFWtJRjhEcOg72OEsNlmYLaE4MJONgPvwV8xWuJx1JtXkqb9VD4ig==",
			"requires": {
				"fast-redact": "^1.4.2",
				"fast-safe-stringify": "^2.0.6",
				"flatstr": "^1.0.9",
				"pino-std-serializers": "^2.3.0",
				"quick-format-unescaped": "^3.0.0",
				"sonic-boom": "^0.7.1"
			}
		},
		"pino-std-serializers": {
			"version": "2.3.0",
			"resolved": "https://registry.npmjs.org/pino-std-serializers/-/pino-std-serializers-2.3.0.tgz",
			"integrity": "sha512-klfGoOsP6sJH7ON796G4xoUSx2fkpFgKHO4YVVO2zmz31jR+etzc/QzGJILaOIiCD6HTCFgkPx+XN8nk+ruqPw=="
		},
		"postgres-array": {
			"version": "1.0.3",
			"resolved": "https://registry.npmjs.org/postgres-array/-/postgres-array-1.0.3.tgz",
			"integrity": "sha512-5wClXrAP0+78mcsNX3/ithQ5exKvCyK5lr5NEEEeGwwM6NJdQgzIJBVxLvRW+huFpX92F2QnZ5CcokH0VhK2qQ=="
		},
		"postgres-bytea": {
			"version": "1.0.0",
			"resolved": "https://registry.npmjs.org/postgres-bytea/-/postgres-bytea-1.0.0.tgz",
			"integrity": "sha1-AntTPAqokOJtFy1Hz5zOzFIazTU="
		},
		"postgres-date": {
			"version": "1.0.3",
			"resolved": "https://registry.npmjs.org/postgres-date/-/postgres-date-1.0.3.tgz",
			"integrity": "sha1-4tiXAu/bJY/52c7g/pG9BpdSV6g="
		},
		"postgres-interval": {
			"version": "1.1.2",
			"resolved": "https://registry.npmjs.org/postgres-interval/-/postgres-interval-1.1.2.tgz",
			"integrity": "sha512-fC3xNHeTskCxL1dC8KOtxXt7YeFmlbTYtn7ul8MkVERuTmf7pI4DrkAxcw3kh1fQ9uz4wQmd03a1mRiXUZChfQ==",
			"requires": {
				"xtend": "^4.0.0"
			}
		},
		"quick-format-unescaped": {
			"version": "3.0.1",
			"resolved": "https://registry.npmjs.org/quick-format-unescaped/-/quick-format-unescaped-3.0.1.tgz",
			"integrity": "sha512-Tnk4iJQ8x3V8ml3x9sLIf4tSDaVB9OJY/5gOrnxgK63CXKphhn8oYOPI4tqnXPQcZ3tCv7GFjeoYY5h6UAvuzg=="
		},
		"rechoir": {
			"version": "0.8.0",
			"resolved": "https://registry.npmjs.org/rechoir/-/rechoir-0.8.0.tgz",
			"integrity": "sha512-/vxpCXddiX8NGfGO/mTafwjq4aFa/71pvamip0++IQk3zG8cbCj0fifNPrjjF1XMXUne91jL9OoxmdykoEtifQ==",
			"requires": {
				"resolve": "^1.20.0"
			}
		},
		"redis": {
			"version": "2.8.0",
			"resolved": "https://registry.npmjs.org/redis/-/redis-2.8.0.tgz",
			"integrity": "sha512-M1OkonEQwtRmZv4tEWF2VgpG0JWJ8Fv1PhlgT5+B+uNq2cA3Rt1Yt/ryoR+vQNOQcIEgdCdfH0jr3bDpihAw1A==",
			"requires": {
				"double-ended-queue": "^2.1.0-0",
				"redis-commands": "^1.2.0",
				"redis-parser": "^2.6.0"
			}
		},
		"redis-commands": {
			"version": "1.4.0",
			"resolved": "https://registry.npmjs.org/redis-commands/-/redis-commands-1.4.0.tgz",
			"integrity": "sha512-cu8EF+MtkwI4DLIT0x9P8qNTLFhQD4jLfxLR0cCNkeGzs87FN6879JOJwNQR/1zD7aSYNbU0hgsV9zGY71Itvw=="
		},
		"redis-parser": {
			"version": "2.6.0",
			"resolved": "https://registry.npmjs.org/redis-parser/-/redis-parser-2.6.0.tgz",
			"integrity": "sha1-Uu0J2srBCPGmMcB+m2mUHnoZUEs="
		},
		"resolve": {
			"version": "1.22.1",
			"resolved": "https://registry.npmjs.org/resolve/-/resolve-1.22.1.tgz",
			"integrity": "sha512-nBpuuYuY5jFsli/JIs1oldw6fOQCBioohqWZg/2hiaOybXOft4lonv85uDOKXdf8rhyK159cxU5cDcK/NKk8zw==",
			"requires": {
				"is-core-module": "^2.9.0",
				"path-parse": "^1.0.7",
				"supports-preserve-symlinks-flag": "^1.0.0"
			}
		},
		"resolve-from": {
			"version": "5.0.0",
			"resolved": "https://registry.npmjs.org/resolve-from/-/resolve-from-5.0.0.tgz",
			"integrity": "sha512-qYg9KP24dD5qka9J47d0aVky0N+b4fTU89LN9iDnjB5waksiC49rvMB0PrUJQGoTmH50XPiqOvAjDfaijGxYZw=="
		},
		"semver": {
			"version": "4.3.2",
			"resolved": "https://registry.npmjs.org/semver/-/semver-4.3.2.tgz",
			"integrity": "sha1-x6BxWKgL7dBSNVt3DYLWZA+AO+c="
		},
		"sonic-boom": {
			"version": "0.7.1",
			"resolved": "https://registry.npmjs.org/sonic-boom/-/sonic-boom-0.7.1.tgz",
			"integrity": "sha512-zveqTNcDTI35ae0LgK/SwHkFeMfe6FJKyeACgPzuOe3f+9CyaoXJHTnDgekXt8PKIoMCGF/m57/9RNjjkqmt2A==",
			"requires": {
				"flatstr": "^1.0.9"
			}
		},
		"split": {
			"version": "1.0.1",
			"resolved": "https://registry.npmjs.org/split/-/split-1.0.1.tgz",
			"integrity": "sha512-mTyOoPbrivtXnwnIxZRFYRrPNtEFKlpB2fvjSnCQUiAA6qAZzqwna5envK4uk6OIeP17CsdF3rSBGYVBsU0Tkg==",
			"requires": {
				"through": "2"
			}
		},
		"supports-preserve-symlinks-flag": {
			"version": "1.0.0",
			"resolved": "https://registry.npmjs.org/supports-preserve-symlinks-flag/-/supports-preserve-symlinks-flag-1.0.0.tgz",
			"integrity": "sha512-ot0WnXS9fgdkgIcePe6RHNk1WA8+muPa6cSjeR3V8K27q9BB1rTE3R1p7Hv0z1ZyAc8s6Vvv8DIyWf681MAt0w=="
		},
		"tarn": {
			"version": "3.0.2",
			"resolved": "https://registry.npmjs.org/tarn/-/tarn-3.0.2.tgz",
			"integrity": "sha512-51LAVKUSZSVfI05vjPESNc5vwqqZpbXCsU+/+wxlOrUjk2SnFTt97v9ZgQrD4YmxYW1Px6w2KjaDitCfkvgxMQ=="
		},
		"through": {
			"version": "2.3.8",
			"resolved": "https://registry.npmjs.org/through/-/through-2.3.8.tgz",
			"integrity": "sha1-DdTJ/6q8NXlgsbckEV1+Doai4fU="
		},
		"tildify": {
			"version": "2.0.0",
			"resolved": "https://registry.npmjs.org/tildify/-/tildify-2.0.0.tgz",
			"integrity": "sha512-Cc+OraorugtXNfs50hU9KS369rFXCfgGLpfCfvlc+Ud5u6VWmUQsOAa9HbTvheQdYnrdJqqv1e5oIqXppMYnSw=="
		},
		"xtend": {
			"version": "4.0.1",
			"resolved": "https://registry.npmjs.org/xtend/-/xtend-4.0.1.tgz",
			"integrity": "sha1-pcbVMr5lbiPbgg77lDofBJmNY68="
		}
	}
}
